
Microsoft Visual Studio Solution File, Format Version 12.00
# Visual Studio 15
Project("{FAE04EC0-301F-11D3-BF4B-00C04F79EFBC}") = "EscapeRoomNew", "EscapeRoomNew.csproj", "{30DE6E2D-DCE6-D134-B938-B73E50EA3417}"
EndProject
Project("{FAE04EC0-301F-11D3-BF4B-00C04F79EFBC}") = "EscapeRoomNew.Editor", "EscapeRoomNew.Editor.csproj", "{CD3B5C60-6698-8057-FE0A-EB415051BB95}"
EndProject
Global
	GlobalSection(SolutionConfigurationPlatforms) = preSolution
		Debug|Any CPU = Debug|Any CPU
		Release|Any CPU = Release|Any CPU
	EndGlobalSection
	GlobalSection(ProjectConfigurationPlatforms) = postSolution
		{30DE6E2D-DCE6-D134-B938-B73E50EA3417}.Debug|Any CPU.ActiveCfg = Debug|Any CPU
		{30DE6E2D-DCE6-D134-B938-B73E50EA3417}.Debug|Any CPU.Build.0 = Debug|Any CPU
		{30DE6E2D-DCE6-D134-B938-B73E50EA3417}.Release|Any CPU.ActiveCfg = Release|Any CPU
		{30DE6E2D-DCE6-D134-B938-B73E50EA3417}.Release|Any CPU.Build.0 = Release|Any CPU
		{CD3B5C60-6698-8057-FE0A-EB415051BB95}.Debug|Any CPU.ActiveCfg = Debug|Any CPU
		{CD3B5C60-6698-8057-FE0A-EB415051BB95}.Debug|Any CPU.Build.0 = Debug|Any CPU
		{CD3B5C60-6698-8057-FE0A-EB415051BB95}.Release|Any CPU.ActiveCfg = Release|Any CPU
		{CD3B5C60-6698-8057-FE0A-EB415051BB95}.Release|Any CPU.Build.0 = Release|Any CPU
	EndGlobalSection
	GlobalSection(SolutionProperties) = preSolution
		HideSolutionNode = FALSE
	EndGlobalSection
EndGlobal
