
Microsoft Visual Studio Solution File, Format Version 12.00
# Visual Studio 15
Project("{FAE04EC0-301F-11D3-BF4B-00C04F79EFBC}") = "Assembly-CSharp", "Assembly-CSharp.csproj", "{99894F44-BEB9-9400-E2B2-7DC40C2BC91A}"
EndProject
Project("{FAE04EC0-301F-11D3-BF4B-00C04F79EFBC}") = "Assembly-CSharp-Editor", "Assembly-CSharp-Editor.csproj", "{5B6C5A48-CA8B-4E8F-55A5-5D87A53FB660}"
EndProject
Global
	GlobalSection(SolutionConfigurationPlatforms) = preSolution
		Debug|Any CPU = Debug|Any CPU
		Release|Any CPU = Release|Any CPU
	EndGlobalSection
	GlobalSection(ProjectConfigurationPlatforms) = postSolution
		{99894F44-BEB9-9400-E2B2-7DC40C2BC91A}.Debug|Any CPU.ActiveCfg = Debug|Any CPU
		{99894F44-BEB9-9400-E2B2-7DC40C2BC91A}.Debug|Any CPU.Build.0 = Debug|Any CPU
		{99894F44-BEB9-9400-E2B2-7DC40C2BC91A}.Release|Any CPU.ActiveCfg = Release|Any CPU
		{99894F44-BEB9-9400-E2B2-7DC40C2BC91A}.Release|Any CPU.Build.0 = Release|Any CPU
		{5B6C5A48-CA8B-4E8F-55A5-5D87A53FB660}.Debug|Any CPU.ActiveCfg = Debug|Any CPU
		{5B6C5A48-CA8B-4E8F-55A5-5D87A53FB660}.Debug|Any CPU.Build.0 = Debug|Any CPU
		{5B6C5A48-CA8B-4E8F-55A5-5D87A53FB660}.Release|Any CPU.ActiveCfg = Release|Any CPU
		{5B6C5A48-CA8B-4E8F-55A5-5D87A53FB660}.Release|Any CPU.Build.0 = Release|Any CPU
	EndGlobalSection
	GlobalSection(SolutionProperties) = preSolution
		HideSolutionNode = FALSE
	EndGlobalSection
EndGlobal
